
Microsoft Visual Studio Solution File, Format Version 12.00
# Visual Studio Version 17
VisualStudioVersion = 17.0.31903.59
MinimumVisualStudioVersion = 10.0.40219.1
Project("{2150E333-8FDC-42A3-9474-1A3956D46DE8}") = "src", "src", "{827E0CD3-B72D-47B6-A68D-7590B98EB39B}"
EndProject
Project("{2150E333-8FDC-42A3-9474-1A3956D46DE8}") = "Shared", "Shared", "{C8E42992-5E42-0C2B-DBFE-AA848D06431C}"
EndProject
Project("{FAE04EC0-301F-11D3-BF4B-00C04F79EFBC}") = "SofkaFinance.Contracts", "src\Shared\SofkaFinance.Contracts\SofkaFinance.Contracts.csproj", "{4C0E6C0E-AD53-407C-A420-AB9ABE9E2E53}"
EndProject
Project("{FAE04EC0-301F-11D3-BF4B-00C04F79EFBC}") = "ApiGateway", "src\ApiGateway\ApiGateway.csproj", "{631DE81C-4A8D-4990-952D-C9832CA5108E}"
EndProject
Project("{2150E333-8FDC-42A3-9474-1A3956D46DE8}") = "Services", "Services", "{984BB9B3-3FA3-BE33-9484-CAC21695A33C}"
EndProject
Project("{2150E333-8FDC-42A3-9474-1A3956D46DE8}") = "Account", "Account", "{BC44AD1E-60C9-9EA1-D7ED-687AA9EFEF7C}"
EndProject
Project("{FAE04EC0-301F-11D3-BF4B-00C04F79EFBC}") = "Account.Domain", "src\Services\Account\Account.Domain\Account.Domain.csproj", "{569E4B99-1A23-410B-B2C5-BE05206A52BB}"
EndProject
Project("{FAE04EC0-301F-11D3-BF4B-00C04F79EFBC}") = "Account.Application", "src\Services\Account\Account.Application\Account.Application.csproj", "{DAEC9A9F-17D5-40D2-95DE-0B5A8D2926E3}"
EndProject
Project("{FAE04EC0-301F-11D3-BF4B-00C04F79EFBC}") = "Account.Infrastructure", "src\Services\Account\Account.Infrastructure\Account.Infrastructure.csproj", "{C4A6A77C-2045-43AF-8DF4-975EA342CFF9}"
EndProject
Project("{FAE04EC0-301F-11D3-BF4B-00C04F79EFBC}") = "Account.Api", "src\Services\Account\Account.Api\Account.Api.csproj", "{7EAE9BBB-B53F-4CB4-B7E0-E65B89CE9B08}"
EndProject
Project("{2150E333-8FDC-42A3-9474-1A3956D46DE8}") = "Customers", "Customers", "{D2D93332-25A4-0543-C68E-D6580A3EEF57}"
EndProject
Project("{FAE04EC0-301F-11D3-BF4B-00C04F79EFBC}") = "Customers.Domain", "src\Services\Customers\Customers.Domain\Customers.Domain.csproj", "{7E60F866-10D9-46BE-872B-50A35BE2E70A}"
EndProject
Project("{FAE04EC0-301F-11D3-BF4B-00C04F79EFBC}") = "Customers.Application", "src\Services\Customers\Customers.Application\Customers.Application.csproj", "{8FA3FC76-00C0-4B47-B1EB-DEBEC9DF4128}"
EndProject
Project("{FAE04EC0-301F-11D3-BF4B-00C04F79EFBC}") = "Customers.Infrastructure", "src\Services\Customers\Customers.Infrastructure\Customers.Infrastructure.csproj", "{0FD47372-B43A-439D-A9E4-589B4967DE4F}"
EndProject
Project("{FAE04EC0-301F-11D3-BF4B-00C04F79EFBC}") = "Customers.Api", "src\Services\Customers\Customers.Api\Customers.Api.csproj", "{4830F04E-579C-46E8-B96D-1A5867B7EA47}"
EndProject
Global
	GlobalSection(SolutionConfigurationPlatforms) = preSolution
		Debug|Any CPU = Debug|Any CPU
		Debug|x64 = Debug|x64
		Debug|x86 = Debug|x86
		Release|Any CPU = Release|Any CPU
		Release|x64 = Release|x64
		Release|x86 = Release|x86
	EndGlobalSection
	GlobalSection(ProjectConfigurationPlatforms) = postSolution
		{4C0E6C0E-AD53-407C-A420-AB9ABE9E2E53}.Debug|Any CPU.ActiveCfg = Debug|Any CPU
		{4C0E6C0E-AD53-407C-A420-AB9ABE9E2E53}.Debug|Any CPU.Build.0 = Debug|Any CPU
		{4C0E6C0E-AD53-407C-A420-AB9ABE9E2E53}.Debug|x64.ActiveCfg = Debug|Any CPU
		{4C0E6C0E-AD53-407C-A420-AB9ABE9E2E53}.Debug|x64.Build.0 = Debug|Any CPU
		{4C0E6C0E-AD53-407C-A420-AB9ABE9E2E53}.Debug|x86.ActiveCfg = Debug|Any CPU
		{4C0E6C0E-AD53-407C-A420-AB9ABE9E2E53}.Debug|x86.Build.0 = Debug|Any CPU
		{4C0E6C0E-AD53-407C-A420-AB9ABE9E2E53}.Release|Any CPU.ActiveCfg = Release|Any CPU
		{4C0E6C0E-AD53-407C-A420-AB9ABE9E2E53}.Release|Any CPU.Build.0 = Release|Any CPU
		{4C0E6C0E-AD53-407C-A420-AB9ABE9E2E53}.Release|x64.ActiveCfg = Release|Any CPU
		{4C0E6C0E-AD53-407C-A420-AB9ABE9E2E53}.Release|x64.Build.0 = Release|Any CPU
		{4C0E6C0E-AD53-407C-A420-AB9ABE9E2E53}.Release|x86.ActiveCfg = Release|Any CPU
		{4C0E6C0E-AD53-407C-A420-AB9ABE9E2E53}.Release|x86.Build.0 = Release|Any CPU
		{631DE81C-4A8D-4990-952D-C9832CA5108E}.Debug|Any CPU.ActiveCfg = Debug|Any CPU
		{631DE81C-4A8D-4990-952D-C9832CA5108E}.Debug|Any CPU.Build.0 = Debug|Any CPU
		{631DE81C-4A8D-4990-952D-C9832CA5108E}.Debug|x64.ActiveCfg = Debug|Any CPU
		{631DE81C-4A8D-4990-952D-C9832CA5108E}.Debug|x64.Build.0 = Debug|Any CPU
		{631DE81C-4A8D-4990-952D-C9832CA5108E}.Debug|x86.ActiveCfg = Debug|Any CPU
		{631DE81C-4A8D-4990-952D-C9832CA5108E}.Debug|x86.Build.0 = Debug|Any CPU
		{631DE81C-4A8D-4990-952D-C9832CA5108E}.Release|Any CPU.ActiveCfg = Release|Any CPU
		{631DE81C-4A8D-4990-952D-C9832CA5108E}.Release|Any CPU.Build.0 = Release|Any CPU
		{631DE81C-4A8D-4990-952D-C9832CA5108E}.Release|x64.ActiveCfg = Release|Any CPU
		{631DE81C-4A8D-4990-952D-C9832CA5108E}.Release|x64.Build.0 = Release|Any CPU
		{631DE81C-4A8D-4990-952D-C9832CA5108E}.Release|x86.ActiveCfg = Release|Any CPU
		{631DE81C-4A8D-4990-952D-C9832CA5108E}.Release|x86.Build.0 = Release|Any CPU
		{569E4B99-1A23-410B-B2C5-BE05206A52BB}.Debug|Any CPU.ActiveCfg = Debug|Any CPU
		{569E4B99-1A23-410B-B2C5-BE05206A52BB}.Debug|Any CPU.Build.0 = Debug|Any CPU
		{569E4B99-1A23-410B-B2C5-BE05206A52BB}.Debug|x64.ActiveCfg = Debug|Any CPU
		{569E4B99-1A23-410B-B2C5-BE05206A52BB}.Debug|x64.Build.0 = Debug|Any CPU
		{569E4B99-1A23-410B-B2C5-BE05206A52BB}.Debug|x86.ActiveCfg = Debug|Any CPU
		{569E4B99-1A23-410B-B2C5-BE05206A52BB}.Debug|x86.Build.0 = Debug|Any CPU
		{569E4B99-1A23-410B-B2C5-BE05206A52BB}.Release|Any CPU.ActiveCfg = Release|Any CPU
		{569E4B99-1A23-410B-B2C5-BE05206A52BB}.Release|Any CPU.Build.0 = Release|Any CPU
		{569E4B99-1A23-410B-B2C5-BE05206A52BB}.Release|x64.ActiveCfg = Release|Any CPU
		{569E4B99-1A23-410B-B2C5-BE05206A52BB}.Release|x64.Build.0 = Release|Any CPU
		{569E4B99-1A23-410B-B2C5-BE05206A52BB}.Release|x86.ActiveCfg = Release|Any CPU
		{569E4B99-1A23-410B-B2C5-BE05206A52BB}.Release|x86.Build.0 = Release|Any CPU
		{DAEC9A9F-17D5-40D2-95DE-0B5A8D2926E3}.Debug|Any CPU.ActiveCfg = Debug|Any CPU
		{DAEC9A9F-17D5-40D2-95DE-0B5A8D2926E3}.Debug|Any CPU.Build.0 = Debug|Any CPU
		{DAEC9A9F-17D5-40D2-95DE-0B5A8D2926E3}.Debug|x64.ActiveCfg = Debug|Any CPU
		{DAEC9A9F-17D5-40D2-95DE-0B5A8D2926E3}.Debug|x64.Build.0 = Debug|Any CPU
		{DAEC9A9F-17D5-40D2-95DE-0B5A8D2926E3}.Debug|x86.ActiveCfg = Debug|Any CPU
		{DAEC9A9F-17D5-40D2-95DE-0B5A8D2926E3}.Debug|x86.Build.0 = Debug|Any CPU
		{DAEC9A9F-17D5-40D2-95DE-0B5A8D2926E3}.Release|Any CPU.ActiveCfg = Release|Any CPU
		{DAEC9A9F-17D5-40D2-95DE-0B5A8D2926E3}.Release|Any CPU.Build.0 = Release|Any CPU
		{DAEC9A9F-17D5-40D2-95DE-0B5A8D2926E3}.Release|x64.ActiveCfg = Release|Any CPU
		{DAEC9A9F-17D5-40D2-95DE-0B5A8D2926E3}.Release|x64.Build.0 = Release|Any CPU
		{DAEC9A9F-17D5-40D2-95DE-0B5A8D2926E3}.Release|x86.ActiveCfg = Release|Any CPU
		{DAEC9A9F-17D5-40D2-95DE-0B5A8D2926E3}.Release|x86.Build.0 = Release|Any CPU
		{C4A6A77C-2045-43AF-8DF4-975EA342CFF9}.Debug|Any CPU.ActiveCfg = Debug|Any CPU
		{C4A6A77C-2045-43AF-8DF4-975EA342CFF9}.Debug|Any CPU.Build.0 = Debug|Any CPU
		{C4A6A77C-2045-43AF-8DF4-975EA342CFF9}.Debug|x64.ActiveCfg = Debug|Any CPU
		{C4A6A77C-2045-43AF-8DF4-975EA342CFF9}.Debug|x64.Build.0 = Debug|Any CPU
		{C4A6A77C-2045-43AF-8DF4-975EA342CFF9}.Debug|x86.ActiveCfg = Debug|Any CPU
		{C4A6A77C-2045-43AF-8DF4-975EA342CFF9}.Debug|x86.Build.0 = Debug|Any CPU
		{C4A6A77C-2045-43AF-8DF4-975EA342CFF9}.Release|Any CPU.ActiveCfg = Release|Any CPU
		{C4A6A77C-2045-43AF-8DF4-975EA342CFF9}.Release|Any CPU.Build.0 = Release|Any CPU
		{C4A6A77C-2045-43AF-8DF4-975EA342CFF9}.Release|x64.ActiveCfg = Release|Any CPU
		{C4A6A77C-2045-43AF-8DF4-975EA342CFF9}.Release|x64.Build.0 = Release|Any CPU
		{C4A6A77C-2045-43AF-8DF4-975EA342CFF9}.Release|x86.ActiveCfg = Release|Any CPU
		{C4A6A77C-2045-43AF-8DF4-975EA342CFF9}.Release|x86.Build.0 = Release|Any CPU
		{7EAE9BBB-B53F-4CB4-B7E0-E65B89CE9B08}.Debug|Any CPU.ActiveCfg = Debug|Any CPU
		{7EAE9BBB-B53F-4CB4-B7E0-E65B89CE9B08}.Debug|Any CPU.Build.0 = Debug|Any CPU
		{7EAE9BBB-B53F-4CB4-B7E0-E65B89CE9B08}.Debug|x64.ActiveCfg = Debug|Any CPU
		{7EAE9BBB-B53F-4CB4-B7E0-E65B89CE9B08}.Debug|x64.Build.0 = Debug|Any CPU
		{7EAE9BBB-B53F-4CB4-B7E0-E65B89CE9B08}.Debug|x86.ActiveCfg = Debug|Any CPU
		{7EAE9BBB-B53F-4CB4-B7E0-E65B89CE9B08}.Debug|x86.Build.0 = Debug|Any CPU
		{7EAE9BBB-B53F-4CB4-B7E0-E65B89CE9B08}.Release|Any CPU.ActiveCfg = Release|Any CPU
		{7EAE9BBB-B53F-4CB4-B7E0-E65B89CE9B08}.Release|Any CPU.Build.0 = Release|Any CPU
		{7EAE9BBB-B53F-4CB4-B7E0-E65B89CE9B08}.Release|x64.ActiveCfg = Release|Any CPU
		{7EAE9BBB-B53F-4CB4-B7E0-E65B89CE9B08}.Release|x64.Build.0 = Release|Any CPU
		{7EAE9BBB-B53F-4CB4-B7E0-E65B89CE9B08}.Release|x86.ActiveCfg = Release|Any CPU
		{7EAE9BBB-B53F-4CB4-B7E0-E65B89CE9B08}.Release|x86.Build.0 = Release|Any CPU
		{7E60F866-10D9-46BE-872B-50A35BE2E70A}.Debug|Any CPU.ActiveCfg = Debug|Any CPU
		{7E60F866-10D9-46BE-872B-50A35BE2E70A}.Debug|Any CPU.Build.0 = Debug|Any CPU
		{7E60F866-10D9-46BE-872B-50A35BE2E70A}.Debug|x64.ActiveCfg = Debug|Any CPU
		{7E60F866-10D9-46BE-872B-50A35BE2E70A}.Debug|x64.Build.0 = Debug|Any CPU
		{7E60F866-10D9-46BE-872B-50A35BE2E70A}.Debug|x86.ActiveCfg = Debug|Any CPU
		{7E60F866-10D9-46BE-872B-50A35BE2E70A}.Debug|x86.Build.0 = Debug|Any CPU
		{7E60F866-10D9-46BE-872B-50A35BE2E70A}.Release|Any CPU.ActiveCfg = Release|Any CPU
		{7E60F866-10D9-46BE-872B-50A35BE2E70A}.Release|Any CPU.Build.0 = Release|Any CPU
		{7E60F866-10D9-46BE-872B-50A35BE2E70A}.Release|x64.ActiveCfg = Release|Any CPU
		{7E60F866-10D9-46BE-872B-50A35BE2E70A}.Release|x64.Build.0 = Release|Any CPU
		{7E60F866-10D9-46BE-872B-50A35BE2E70A}.Release|x86.ActiveCfg = Release|Any CPU
		{7E60F866-10D9-46BE-872B-50A35BE2E70A}.Release|x86.Build.0 = Release|Any CPU
		{8FA3FC76-00C0-4B47-B1EB-DEBEC9DF4128}.Debug|Any CPU.ActiveCfg = Debug|Any CPU
		{8FA3FC76-00C0-4B47-B1EB-DEBEC9DF4128}.Debug|Any CPU.Build.0 = Debug|Any CPU
		{8FA3FC76-00C0-4B47-B1EB-DEBEC9DF4128}.Debug|x64.ActiveCfg = Debug|Any CPU
		{8FA3FC76-00C0-4B47-B1EB-DEBEC9DF4128}.Debug|x64.Build.0 = Debug|Any CPU
		{8FA3FC76-00C0-4B47-B1EB-DEBEC9DF4128}.Debug|x86.ActiveCfg = Debug|Any CPU
		{8FA3FC76-00C0-4B47-B1EB-DEBEC9DF4128}.Debug|x86.Build.0 = Debug|Any CPU
		{8FA3FC76-00C0-4B47-B1EB-DEBEC9DF4128}.Release|Any CPU.ActiveCfg = Release|Any CPU
		{8FA3FC76-00C0-4B47-B1EB-DEBEC9DF4128}.Release|Any CPU.Build.0 = Release|Any CPU
		{8FA3FC76-00C0-4B47-B1EB-DEBEC9DF4128}.Release|x64.ActiveCfg = Release|Any CPU
		{8FA3FC76-00C0-4B47-B1EB-DEBEC9DF4128}.Release|x64.Build.0 = Release|Any CPU
		{8FA3FC76-00C0-4B47-B1EB-DEBEC9DF4128}.Release|x86.ActiveCfg = Release|Any CPU
		{8FA3FC76-00C0-4B47-B1EB-DEBEC9DF4128}.Release|x86.Build.0 = Release|Any CPU
		{0FD47372-B43A-439D-A9E4-589B4967DE4F}.Debug|Any CPU.ActiveCfg = Debug|Any CPU
		{0FD47372-B43A-439D-A9E4-589B4967DE4F}.Debug|Any CPU.Build.0 = Debug|Any CPU
		{0FD47372-B43A-439D-A9E4-589B4967DE4F}.Debug|x64.ActiveCfg = Debug|Any CPU
		{0FD47372-B43A-439D-A9E4-589B4967DE4F}.Debug|x64.Build.0 = Debug|Any CPU
		{0FD47372-B43A-439D-A9E4-589B4967DE4F}.Debug|x86.ActiveCfg = Debug|Any CPU
		{0FD47372-B43A-439D-A9E4-589B4967DE4F}.Debug|x86.Build.0 = Debug|Any CPU
		{0FD47372-B43A-439D-A9E4-589B4967DE4F}.Release|Any CPU.ActiveCfg = Release|Any CPU
		{0FD47372-B43A-439D-A9E4-589B4967DE4F}.Release|Any CPU.Build.0 = Release|Any CPU
		{0FD47372-B43A-439D-A9E4-589B4967DE4F}.Release|x64.ActiveCfg = Release|Any CPU
		{0FD47372-B43A-439D-A9E4-589B4967DE4F}.Release|x64.Build.0 = Release|Any CPU
		{0FD47372-B43A-439D-A9E4-589B4967DE4F}.Release|x86.ActiveCfg = Release|Any CPU
		{0FD47372-B43A-439D-A9E4-589B4967DE4F}.Release|x86.Build.0 = Release|Any CPU
		{4830F04E-579C-46E8-B96D-1A5867B7EA47}.Debug|Any CPU.ActiveCfg = Debug|Any CPU
		{4830F04E-579C-46E8-B96D-1A5867B7EA47}.Debug|Any CPU.Build.0 = Debug|Any CPU
		{4830F04E-579C-46E8-B96D-1A5867B7EA47}.Debug|x64.ActiveCfg = Debug|Any CPU
		{4830F04E-579C-46E8-B96D-1A5867B7EA47}.Debug|x64.Build.0 = Debug|Any CPU
		{4830F04E-579C-46E8-B96D-1A5867B7EA47}.Debug|x86.ActiveCfg = Debug|Any CPU
		{4830F04E-579C-46E8-B96D-1A5867B7EA47}.Debug|x86.Build.0 = Debug|Any CPU
		{4830F04E-579C-46E8-B96D-1A5867B7EA47}.Release|Any CPU.ActiveCfg = Release|Any CPU
		{4830F04E-579C-46E8-B96D-1A5867B7EA47}.Release|Any CPU.Build.0 = Release|Any CPU
		{4830F04E-579C-46E8-B96D-1A5867B7EA47}.Release|x64.ActiveCfg = Release|Any CPU
		{4830F04E-579C-46E8-B96D-1A5867B7EA47}.Release|x64.Build.0 = Release|Any CPU
		{4830F04E-579C-46E8-B96D-1A5867B7EA47}.Release|x86.ActiveCfg = Release|Any CPU
		{4830F04E-579C-46E8-B96D-1A5867B7EA47}.Release|x86.Build.0 = Release|Any CPU
	EndGlobalSection
	GlobalSection(SolutionProperties) = preSolution
		HideSolutionNode = FALSE
	EndGlobalSection
	GlobalSection(NestedProjects) = preSolution
		{C8E42992-5E42-0C2B-DBFE-AA848D06431C} = {827E0CD3-B72D-47B6-A68D-7590B98EB39B}
		{4C0E6C0E-AD53-407C-A420-AB9ABE9E2E53} = {C8E42992-5E42-0C2B-DBFE-AA848D06431C}
		{631DE81C-4A8D-4990-952D-C9832CA5108E} = {827E0CD3-B72D-47B6-A68D-7590B98EB39B}
		{984BB9B3-3FA3-BE33-9484-CAC21695A33C} = {827E0CD3-B72D-47B6-A68D-7590B98EB39B}
		{BC44AD1E-60C9-9EA1-D7ED-687AA9EFEF7C} = {984BB9B3-3FA3-BE33-9484-CAC21695A33C}
		{569E4B99-1A23-410B-B2C5-BE05206A52BB} = {BC44AD1E-60C9-9EA1-D7ED-687AA9EFEF7C}
		{DAEC9A9F-17D5-40D2-95DE-0B5A8D2926E3} = {BC44AD1E-60C9-9EA1-D7ED-687AA9EFEF7C}
		{C4A6A77C-2045-43AF-8DF4-975EA342CFF9} = {BC44AD1E-60C9-9EA1-D7ED-687AA9EFEF7C}
		{7EAE9BBB-B53F-4CB4-B7E0-E65B89CE9B08} = {BC44AD1E-60C9-9EA1-D7ED-687AA9EFEF7C}
		{D2D93332-25A4-0543-C68E-D6580A3EEF57} = {984BB9B3-3FA3-BE33-9484-CAC21695A33C}
		{7E60F866-10D9-46BE-872B-50A35BE2E70A} = {D2D93332-25A4-0543-C68E-D6580A3EEF57}
		{8FA3FC76-00C0-4B47-B1EB-DEBEC9DF4128} = {D2D93332-25A4-0543-C68E-D6580A3EEF57}
		{0FD47372-B43A-439D-A9E4-589B4967DE4F} = {D2D93332-25A4-0543-C68E-D6580A3EEF57}
		{4830F04E-579C-46E8-B96D-1A5867B7EA47} = {D2D93332-25A4-0543-C68E-D6580A3EEF57}
	EndGlobalSection
EndGlobal
